// !$*UTF8*$!
{
	archiveVersion = 1;
	classes = {
	};
	objectVersion = 56;
	objects = {

/* Begin PBXBuildFile section */
		622543032A5D13AE00B0E7C6 /* PinchApp.swift in Sources */ = {isa = PBXBuildFile; fileRef = 622543022A5D13AE00B0E7C6 /* PinchApp.swift */; };
		622543052A5D13AE00B0E7C6 /* ContentView.swift in Sources */ = {isa = PBXBuildFile; fileRef = 622543042A5D13AE00B0E7C6 /* ContentView.swift */; };
		622543072A5D13AF00B0E7C6 /* Assets.xcassets in Resources */ = {isa = PBXBuildFile; fileRef = 622543062A5D13AF00B0E7C6 /* Assets.xcassets */; };
		6225430A2A5D13AF00B0E7C6 /* Preview Assets.xcassets in Resources */ = {isa = PBXBuildFile; fileRef = 622543092A5D13AF00B0E7C6 /* Preview Assets.xcassets */; };
		622543152A5D742800B0E7C6 /* InfoPanelView.swift in Sources */ = {isa = PBXBuildFile; fileRef = 622543142A5D742800B0E7C6 /* InfoPanelView.swift */; };
		622543172A5D7E7E00B0E7C6 /* ControlImageView.swift in Sources */ = {isa = PBXBuildFile; fileRef = 622543162A5D7E7E00B0E7C6 /* ControlImageView.swift */; };
		6225435A2A5E60EA00B0E7C6 /* PageModel.swift in Sources */ = {isa = PBXBuildFile; fileRef = 622543592A5E60EA00B0E7C6 /* PageModel.swift */; };
		6225435C2A5E612300B0E7C6 /* PagaData.swift in Sources */ = {isa = PBXBuildFile; fileRef = 6225435B2A5E612300B0E7C6 /* PagaData.swift */; };
/* End PBXBuildFile section */

/* Begin PBXFileReference section */
		622542FF2A5D13AE00B0E7C6 /* Pinch.app */ = {isa = PBXFileReference; explicitFileType = wrapper.application; includeInIndex = 0; path = Pinch.app; sourceTree = BUILT_PRODUCTS_DIR; };
		622543022A5D13AE00B0E7C6 /* PinchApp.swift */ = {isa = PBXFileReference; lastKnownFileType = sourcecode.swift; path = PinchApp.swift; sourceTree = "<group>"; };
		622543042A5D13AE00B0E7C6 /* ContentView.swift */ = {isa = PBXFileReference; lastKnownFileType = sourcecode.swift; path = ContentView.swift; sourceTree = "<group>"; };
		622543062A5D13AF00B0E7C6 /* Assets.xcassets */ = {isa = PBXFileReference; lastKnownFileType = folder.assetcatalog; path = Assets.xcassets; sourceTree = "<group>"; };
		622543092A5D13AF00B0E7C6 /* Preview Assets.xcassets */ = {isa = PBXFileReference; lastKnownFileType = folder.assetcatalog; path = "Preview Assets.xcassets"; sourceTree = "<group>"; };
		622543142A5D742800B0E7C6 /* InfoPanelView.swift */ = {isa = PBXFileReference; lastKnownFileType = sourcecode.swift; path = InfoPanelView.swift; sourceTree = "<group>"; };
		622543162A5D7E7E00B0E7C6 /* ControlImageView.swift */ = {isa = PBXFileReference; lastKnownFileType = sourcecode.swift; path = ControlImageView.swift; sourceTree = "<group>"; };
		622543592A5E60EA00B0E7C6 /* PageModel.swift */ = {isa = PBXFileReference; lastKnownFileType = sourcecode.swift; path = PageModel.swift; sourceTree = "<group>"; };
		6225435B2A5E612300B0E7C6 /* PagaData.swift */ = {isa = PBXFileReference; lastKnownFileType = sourcecode.swift; path = PagaData.swift; sourceTree = "<group>"; };
/* End PBXFileReference section */

/* Begin PBXFrameworksBuildPhase section */
		622542FC2A5D13AE00B0E7C6 /* Frameworks */ = {
			isa = PBXFrameworksBuildPhase;
			buildActionMask = 2147483647;
			files = (
			);
			runOnlyForDeploymentPostprocessing = 0;
		};
/* End PBXFrameworksBuildPhase section */

/* Begin PBXGroup section */
		622542F62A5D13AE00B0E7C6 = {
			isa = PBXGroup;
			children = (
				622543012A5D13AE00B0E7C6 /* Pinch */,
				622543002A5D13AE00B0E7C6 /* Products */,
			);
			sourceTree = "<group>";
		};
		622543002A5D13AE00B0E7C6 /* Products */ = {
			isa = PBXGroup;
			children = (
				622542FF2A5D13AE00B0E7C6 /* Pinch.app */,
			);
			name = Products;
			sourceTree = "<group>";
		};
		622543012A5D13AE00B0E7C6 /* Pinch */ = {
			isa = PBXGroup;
			children = (
				622543022A5D13AE00B0E7C6 /* PinchApp.swift */,
				622543132A5D14C200B0E7C6 /* Data */,
				622543122A5D14B900B0E7C6 /* Model */,
				622543112A5D14B000B0E7C6 /* View */,
				622543102A5D14A900B0E7C6 /* Screen */,
				622543062A5D13AF00B0E7C6 /* Assets.xcassets */,
				622543082A5D13AF00B0E7C6 /* Preview Content */,
			);
			path = Pinch;
			sourceTree = "<group>";
		};
		622543082A5D13AF00B0E7C6 /* Preview Content */ = {
			isa = PBXGroup;
			children = (
				622543092A5D13AF00B0E7C6 /* Preview Assets.xcassets */,
			);
			path = "Preview Content";
			sourceTree = "<group>";
		};
		622543102A5D14A900B0E7C6 /* Screen */ = {
			isa = PBXGroup;
			children = (
				622543042A5D13AE00B0E7C6 /* ContentView.swift */,
			);
			path = Screen;
			sourceTree = "<group>";
		};
		622543112A5D14B000B0E7C6 /* View */ = {
			isa = PBXGroup;
			children = (
				622543142A5D742800B0E7C6 /* InfoPanelView.swift */,
				622543162A5D7E7E00B0E7C6 /* ControlImageView.swift */,
			);
			path = View;
			sourceTree = "<group>";
		};
		622543122A5D14B900B0E7C6 /* Model */ = {
			isa = PBXGroup;
			children = (
				622543592A5E60EA00B0E7C6 /* PageModel.swift */,
			);
			path = Model;
			sourceTree = "<group>";
		};
		622543132A5D14C200B0E7C6 /* Data */ = {
			isa = PBXGroup;
			children = (
				6225435B2A5E612300B0E7C6 /* PagaData.swift */,
			);
			path = Data;
			sourceTree = "<group>";
		};
/* End PBXGroup section */

/* Begin PBXNativeTarget section */
		622542FE2A5D13AE00B0E7C6 /* Pinch */ = {
			isa = PBXNativeTarget;
			buildConfigurationList = 6225430D2A5D13AF00B0E7C6 /* Build configuration list for PBXNativeTarget "Pinch" */;
			buildPhases = (
				622542FB2A5D13AE00B0E7C6 /* Sources */,
				622542FC2A5D13AE00B0E7C6 /* Frameworks */,
				622542FD2A5D13AE00B0E7C6 /* Resources */,
			);
			buildRules = (
			);
			dependencies = (
			);
			name = Pinch;
			productName = Pinch;
			productReference = 622542FF2A5D13AE00B0E7C6 /* Pinch.app */;
			productType = "com.apple.product-type.application";
		};
/* End PBXNativeTarget section */

/* Begin PBXProject section */
		622542F72A5D13AE00B0E7C6 /* Project object */ = {
			isa = PBXProject;
			attributes = {
				BuildIndependentTargetsInParallel = 1;
				LastSwiftUpdateCheck = 1430;
				LastUpgradeCheck = 1430;
				TargetAttributes = {
					622542FE2A5D13AE00B0E7C6 = {
						CreatedOnToolsVersion = 14.3.1;
					};
				};
			};
			buildConfigurationList = 622542FA2A5D13AE00B0E7C6 /* Build configuration list for PBXProject "Pinch" */;
			compatibilityVersion = "Xcode 14.0";
			developmentRegion = en;
			hasScannedForEncodings = 0;
			knownRegions = (
				en,
				Base,
			);
			mainGroup = 622542F62A5D13AE00B0E7C6;
			productRefGroup = 622543002A5D13AE00B0E7C6 /* Products */;
			projectDirPath = "";
			projectRoot = "";
			targets = (
				622542FE2A5D13AE00B0E7C6 /* Pinch */,
			);
		};
/* End PBXProject section */

/* Begin PBXResourcesBuildPhase section */
		622542FD2A5D13AE00B0E7C6 /* Resources */ = {
			isa = PBXResourcesBuildPhase;
			buildActionMask = 2147483647;
			files = (
				6225430A2A5D13AF00B0E7C6 /* Preview Assets.xcassets in Resources */,
				622543072A5D13AF00B0E7C6 /* Assets.xcassets in Resources */,
			);
			runOnlyForDeploymentPostprocessing = 0;
		};
/* End PBXResourcesBuildPhase section */

/* Begin PBXSourcesBuildPhase section */
		622542FB2A5D13AE00B0E7C6 /* Sources */ = {
			isa = PBXSourcesBuildPhase;
			buildActionMask = 2147483647;
			files = (
				622543172A5D7E7E00B0E7C6 /* ControlImageView.swift in Sources */,
				6225435C2A5E612300B0E7C6 /* PagaData.swift in Sources */,
				6225435A2A5E60EA00B0E7C6 /* PageModel.swift in Sources */,
				622543052A5D13AE00B0E7C6 /* ContentView.swift in Sources */,
				622543032A5D13AE00B0E7C6 /* PinchApp.swift in Sources */,
				622543152A5D742800B0E7C6 /* InfoPanelView.swift in Sources */,
			);
			runOnlyForDeploymentPostprocessing = 0;
		};
/* End PBXSourcesBuildPhase section */

/* Begin XCBuildConfiguration section */
		6225430B2A5D13AF00B0E7C6 /* Debug */ = {
			isa = XCBuildConfiguration;
			buildSettings = {
				ALWAYS_SEARCH_USER_PATHS = NO;
				CLANG_ANALYZER_NONNULL = YES;
				CLANG_ANALYZER_NUMBER_OBJECT_CONVERSION = YES_AGGRESSIVE;
				CLANG_CXX_LANGUAGE_STANDARD = "gnu++20";
				CLANG_ENABLE_MODULES = YES;
				CLANG_ENABLE_OBJC_ARC = YES;
				CLANG_ENABLE_OBJC_WEAK = YES;
				CLANG_WARN_BLOCK_CAPTURE_AUTORELEASING = YES;
				CLANG_WARN_BOOL_CONVERSION = YES;
				CLANG_WARN_COMMA = YES;
				CLANG_WARN_CONSTANT_CONVERSION = YES;
				CLANG_WARN_DEPRECATED_OBJC_IMPLEMENTATIONS = YES;
				CLANG_WARN_DIRECT_OBJC_ISA_USAGE = YES_ERROR;
				CLANG_WARN_DOCUMENTATION_COMMENTS = YES;
				CLANG_WARN_EMPTY_BODY = YES;
				CLANG_WARN_ENUM_CONVERSION = YES;
				CLANG_WARN_INFINITE_RECURSION = YES;
				CLANG_WARN_INT_CONVERSION = YES;
				CLANG_WARN_NON_LITERAL_NULL_CONVERSION = YES;
				CLANG_WARN_OBJC_IMPLICIT_RETAIN_SELF = YES;
				CLANG_WARN_OBJC_LITERAL_CONVERSION = YES;
				CLANG_WARN_OBJC_ROOT_CLASS = YES_ERROR;
				CLANG_WARN_QUOTED_INCLUDE_IN_FRAMEWORK_HEADER = YES;
				CLANG_WARN_RANGE_LOOP_ANALYSIS = YES;
				CLANG_WARN_STRICT_PROTOTYPES = YES;
				CLANG_WARN_SUSPICIOUS_MOVE = YES;
				CLANG_WARN_UNGUARDED_AVAILABILITY = YES_AGGRESSIVE;
				CLANG_WARN_UNREACHABLE_CODE = YES;
				CLANG_WARN__DUPLICATE_METHOD_MATCH = YES;
				COPY_PHASE_STRIP = NO;
				DEBUG_INFORMATION_FORMAT = dwarf;
				ENABLE_STRICT_OBJC_MSGSEND = YES;
				ENABLE_TESTABILITY = YES;
				GCC_C_LANGUAGE_STANDARD = gnu11;
				GCC_DYNAMIC_NO_PIC = NO;
				GCC_NO_COMMON_BLOCKS = YES;
				GCC_OPTIMIZATION_LEVEL = 0;
				GCC_PREPROCESSOR_DEFINITIONS = (
					"DEBUG=1",
					"$(inherited)",
				);
				GCC_WARN_64_TO_32_BIT_CONVERSION = YES;
				GCC_WARN_ABOUT_RETURN_TYPE = YES_ERROR;
				GCC_WARN_UNDECLARED_SELECTOR = YES;
				GCC_WARN_UNINITIALIZED_AUTOS = YES_AGGRESSIVE;
				GCC_WARN_UNUSED_FUNCTION = YES;
				GCC_WARN_UNUSED_VARIABLE = YES;
				IPHONEOS_DEPLOYMENT_TARGET = 16.4;
				MTL_ENABLE_DEBUG_INFO = INCLUDE_SOURCE;
				MTL_FAST_MATH = YES;
				ONLY_ACTIVE_ARCH = YES;
				SDKROOT = iphoneos;
				SWIFT_ACTIVE_COMPILATION_CONDITIONS = DEBUG;
				SWIFT_OPTIMIZATION_LEVEL = "-Onone";
			};
			name = Debug;
		};
		6225430C2A5D13AF00B0E7C6 /* Release */ = {
			isa = XCBuildConfiguration;
			buildSettings = {
				ALWAYS_SEARCH_USER_PATHS = NO;
				CLANG_ANALYZER_NONNULL = YES;
				CLANG_ANALYZER_NUMBER_OBJECT_CONVERSION = YES_AGGRESSIVE;
				CLANG_CXX_LANGUAGE_STANDARD = "gnu++20";
				CLANG_ENABLE_MODULES = YES;
				CLANG_ENABLE_OBJC_ARC = YES;
				CLANG_ENABLE_OBJC_WEAK = YES;
				CLANG_WARN_BLOCK_CAPTURE_AUTORELEASING = YES;
				CLANG_WARN_BOOL_CONVERSION = YES;
				CLANG_WARN_COMMA = YES;
				CLANG_WARN_CONSTANT_CONVERSION = YES;
				CLANG_WARN_DEPRECATED_OBJC_IMPLEMENTATIONS = YES;
				CLANG_WARN_DIRECT_OBJC_ISA_USAGE = YES_ERROR;
				CLANG_WARN_DOCUMENTATION_COMMENTS = YES;
				CLANG_WARN_EMPTY_BODY = YES;
				CLANG_WARN_ENUM_CONVERSION = YES;
				CLANG_WARN_INFINITE_RECURSION = YES;
				CLANG_WARN_INT_CONVERSION = YES;
				CLANG_WARN_NON_LITERAL_NULL_CONVERSION = YES;
				CLANG_WARN_OBJC_IMPLICIT_RETAIN_SELF = YES;
				CLANG_WARN_OBJC_LITERAL_CONVERSION = YES;
				CLANG_WARN_OBJC_ROOT_CLASS = YES_ERROR;
				CLANG_WARN_QUOTED_INCLUDE_IN_FRAMEWORK_HEADER = YES;
				CLANG_WARN_RANGE_LOOP_ANALYSIS = YES;
				CLANG_WARN_STRICT_PROTOTYPES = YES;
				CLANG_WARN_SUSPICIOUS_MOVE = YES;
				CLANG_WARN_UNGUARDED_AVAILABILITY = YES_AGGRESSIVE;
				CLANG_WARN_UNREACHABLE_CODE = YES;
				CLANG_WARN__DUPLICATE_METHOD_MATCH = YES;
				COPY_PHASE_STRIP = NO;
				DEBUG_INFORMATION_FORMAT = "dwarf-with-dsym";
				ENABLE_NS_ASSERTIONS = NO;
				ENABLE_STRICT_OBJC_MSGSEND = YES;
				GCC_C_LANGUAGE_STANDARD = gnu11;
				GCC_NO_COMMON_BLOCKS = YES;
				GCC_WARN_64_TO_32_BIT_CONVERSION = YES;
				GCC_WARN_ABOUT_RETURN_TYPE = YES_ERROR;
				GCC_WARN_UNDECLARED_SELECTOR = YES;
				GCC_WARN_UNINITIALIZED_AUTOS = YES_AGGRESSIVE;
				GCC_WARN_UNUSED_FUNCTION = YES;
				GCC_WARN_UNUSED_VARIABLE = YES;
				IPHONEOS_DEPLOYMENT_TARGET = 16.4;
				MTL_ENABLE_DEBUG_INFO = NO;
				MTL_FAST_MATH = YES;
				SDKROOT = iphoneos;
				SWIFT_COMPILATION_MODE = wholemodule;
				SWIFT_OPTIMIZATION_LEVEL = "-O";
				VALIDATE_PRODUCT = YES;
			};
			name = Release;
		};
		6225430E2A5D13AF00B0E7C6 /* Debug */ = {
			isa = XCBuildConfiguration;
			buildSettings = {
				ASSETCATALOG_COMPILER_APPICON_NAME = AppIcon;
				ASSETCATALOG_COMPILER_GLOBAL_ACCENT_COLOR_NAME = AccentColor;
				CODE_SIGN_STYLE = Automatic;
				CURRENT_PROJECT_VERSION = 1;
				DEVELOPMENT_ASSET_PATHS = "\"Pinch/Preview Content\"";
				DEVELOPMENT_TEAM = VA3J8597P8;
				ENABLE_PREVIEWS = YES;
				GENERATE_INFOPLIST_FILE = YES;
				INFOPLIST_KEY_UIApplicationSceneManifest_Generation = YES;
				INFOPLIST_KEY_UIApplicationSupportsIndirectInputEvents = YES;
				INFOPLIST_KEY_UILaunchScreen_Generation = YES;
				INFOPLIST_KEY_UISupportedInterfaceOrientations = UIInterfaceOrientationPortrait;
				LD_RUNPATH_SEARCH_PATHS = (
					"$(inherited)",
					"@executable_path/Frameworks",
				);
				MARKETING_VERSION = 1.0;
				PRODUCT_BUNDLE_IDENTIFIER = com.moro.Pinch;
				PRODUCT_NAME = "$(TARGET_NAME)";
				SWIFT_EMIT_LOC_STRINGS = YES;
				SWIFT_VERSION = 5.0;
				TARGETED_DEVICE_FAMILY = "1,2";
			};
			name = Debug;
		};
		6225430F2A5D13AF00B0E7C6 /* Release */ = {
			isa = XCBuildConfiguration;
			buildSettings = {
				ASSETCATALOG_COMPILER_APPICON_NAME = AppIcon;
				ASSETCATALOG_COMPILER_GLOBAL_ACCENT_COLOR_NAME = AccentColor;
				CODE_SIGN_STYLE = Automatic;
				CURRENT_PROJECT_VERSION = 1;
				DEVELOPMENT_ASSET_PATHS = "\"Pinch/Preview Content\"";
				DEVELOPMENT_TEAM = VA3J8597P8;
				ENABLE_PREVIEWS = YES;
				GENERATE_INFOPLIST_FILE = YES;
				INFOPLIST_KEY_UIApplicationSceneManifest_Generation = YES;
				INFOPLIST_KEY_UIApplicationSupportsIndirectInputEvents = YES;
				INFOPLIST_KEY_UILaunchScreen_Generation = YES;
				INFOPLIST_KEY_UISupportedInterfaceOrientations = UIInterfaceOrientationPortrait;
				LD_RUNPATH_SEARCH_PATHS = (
					"$(inherited)",
					"@executable_path/Frameworks",
				);
				MARKETING_VERSION = 1.0;
				PRODUCT_BUNDLE_IDENTIFIER = com.moro.Pinch;
				PRODUCT_NAME = "$(TARGET_NAME)";
				SWIFT_EMIT_LOC_STRINGS = YES;
				SWIFT_VERSION = 5.0;
				TARGETED_DEVICE_FAMILY = "1,2";
			};
			name = Release;
		};
/* End XCBuildConfiguration section */

/* Begin XCConfigurationList section */
		622542FA2A5D13AE00B0E7C6 /* Build configuration list for PBXProject "Pinch" */ = {
			isa = XCConfigurationList;
			buildConfigurations = (
				6225430B2A5D13AF00B0E7C6 /* Debug */,
				6225430C2A5D13AF00B0E7C6 /* Release */,
			);
			defaultConfigurationIsVisible = 0;
			defaultConfigurationName = Release;
		};
		6225430D2A5D13AF00B0E7C6 /* Build configuration list for PBXNativeTarget "Pinch" */ = {
			isa = XCConfigurationList;
			buildConfigurations = (
				6225430E2A5D13AF00B0E7C6 /* Debug */,
				6225430F2A5D13AF00B0E7C6 /* Release */,
			);
			defaultConfigurationIsVisible = 0;
			defaultConfigurationName = Release;
		};
/* End XCConfigurationList section */
	};
	rootObject = 622542F72A5D13AE00B0E7C6 /* Project object */;
}
