// !$*UTF8*$!
{
	archiveVersion = 1;
	classes = {
	};
	objectVersion = 56;
	objects = {

/* Begin PBXBuildFile section */
		622542F52A5C127000B0E7C6 /* AudioPlayer.swift in Sources */ = {isa = PBXBuildFile; fileRef = 622542F42A5C127000B0E7C6 /* AudioPlayer.swift */; };
		626E7F602A5ACEA500F2B302 /* RestartApp.swift in Sources */ = {isa = PBXBuildFile; fileRef = 626E7F5F2A5ACEA500F2B302 /* RestartApp.swift */; };
		626E7F622A5ACEA500F2B302 /* ContentView.swift in Sources */ = {isa = PBXBuildFile; fileRef = 626E7F612A5ACEA500F2B302 /* ContentView.swift */; };
		626E7F642A5ACEA600F2B302 /* Assets.xcassets in Resources */ = {isa = PBXBuildFile; fileRef = 626E7F632A5ACEA600F2B302 /* Assets.xcassets */; };
		626E7F672A5ACEA600F2B302 /* Preview Assets.xcassets in Resources */ = {isa = PBXBuildFile; fileRef = 626E7F662A5ACEA600F2B302 /* Preview Assets.xcassets */; };
		626E7F6F2A5ACF4900F2B302 /* chimeup.mp3 in Resources */ = {isa = PBXBuildFile; fileRef = 626E7F6D2A5ACF4900F2B302 /* chimeup.mp3 */; };
		626E7F702A5ACF4900F2B302 /* success.m4a in Resources */ = {isa = PBXBuildFile; fileRef = 626E7F6E2A5ACF4900F2B302 /* success.m4a */; };
		626E7F772A5AD45D00F2B302 /* OnboardingView.swift in Sources */ = {isa = PBXBuildFile; fileRef = 626E7F762A5AD45D00F2B302 /* OnboardingView.swift */; };
		626E7F792A5AD46700F2B302 /* HomeView.swift in Sources */ = {isa = PBXBuildFile; fileRef = 626E7F782A5AD46700F2B302 /* HomeView.swift */; };
		626E7F7B2A5B0DB100F2B302 /* CircleGroupView.swift in Sources */ = {isa = PBXBuildFile; fileRef = 626E7F7A2A5B0DB100F2B302 /* CircleGroupView.swift */; };
/* End PBXBuildFile section */

/* Begin PBXFileReference section */
		622542F42A5C127000B0E7C6 /* AudioPlayer.swift */ = {isa = PBXFileReference; lastKnownFileType = sourcecode.swift; path = AudioPlayer.swift; sourceTree = "<group>"; };
		626E7F5C2A5ACEA500F2B302 /* Restart.app */ = {isa = PBXFileReference; explicitFileType = wrapper.application; includeInIndex = 0; path = Restart.app; sourceTree = BUILT_PRODUCTS_DIR; };
		626E7F5F2A5ACEA500F2B302 /* RestartApp.swift */ = {isa = PBXFileReference; lastKnownFileType = sourcecode.swift; path = RestartApp.swift; sourceTree = "<group>"; };
		626E7F612A5ACEA500F2B302 /* ContentView.swift */ = {isa = PBXFileReference; lastKnownFileType = sourcecode.swift; path = ContentView.swift; sourceTree = "<group>"; };
		626E7F632A5ACEA600F2B302 /* Assets.xcassets */ = {isa = PBXFileReference; lastKnownFileType = folder.assetcatalog; path = Assets.xcassets; sourceTree = "<group>"; };
		626E7F662A5ACEA600F2B302 /* Preview Assets.xcassets */ = {isa = PBXFileReference; lastKnownFileType = folder.assetcatalog; path = "Preview Assets.xcassets"; sourceTree = "<group>"; };
		626E7F6D2A5ACF4900F2B302 /* chimeup.mp3 */ = {isa = PBXFileReference; lastKnownFileType = audio.mp3; path = chimeup.mp3; sourceTree = "<group>"; };
		626E7F6E2A5ACF4900F2B302 /* success.m4a */ = {isa = PBXFileReference; lastKnownFileType = file; path = success.m4a; sourceTree = "<group>"; };
		626E7F752A5AD37300F2B302 /* Info.plist */ = {isa = PBXFileReference; lastKnownFileType = text.plist; path = Info.plist; sourceTree = "<group>"; };
		626E7F762A5AD45D00F2B302 /* OnboardingView.swift */ = {isa = PBXFileReference; lastKnownFileType = sourcecode.swift; path = OnboardingView.swift; sourceTree = "<group>"; };
		626E7F782A5AD46700F2B302 /* HomeView.swift */ = {isa = PBXFileReference; lastKnownFileType = sourcecode.swift; path = HomeView.swift; sourceTree = "<group>"; };
		626E7F7A2A5B0DB100F2B302 /* CircleGroupView.swift */ = {isa = PBXFileReference; lastKnownFileType = sourcecode.swift; path = CircleGroupView.swift; sourceTree = "<group>"; };
/* End PBXFileReference section */

/* Begin PBXFrameworksBuildPhase section */
		626E7F592A5ACEA500F2B302 /* Frameworks */ = {
			isa = PBXFrameworksBuildPhase;
			buildActionMask = 2147483647;
			files = (
			);
			runOnlyForDeploymentPostprocessing = 0;
		};
/* End PBXFrameworksBuildPhase section */

/* Begin PBXGroup section */
		626E7F532A5ACEA500F2B302 = {
			isa = PBXGroup;
			children = (
				626E7F5E2A5ACEA500F2B302 /* Restart */,
				626E7F5D2A5ACEA500F2B302 /* Products */,
			);
			sourceTree = "<group>";
		};
		626E7F5D2A5ACEA500F2B302 /* Products */ = {
			isa = PBXGroup;
			children = (
				626E7F5C2A5ACEA500F2B302 /* Restart.app */,
			);
			name = Products;
			sourceTree = "<group>";
		};
		626E7F5E2A5ACEA500F2B302 /* Restart */ = {
			isa = PBXGroup;
			children = (
				626E7F752A5AD37300F2B302 /* Info.plist */,
				626E7F742A5AD28100F2B302 /* Utilities */,
				626E7F732A5AD27900F2B302 /* Views */,
				626E7F712A5ACF5C00F2B302 /* Sounds */,
				626E7F5F2A5ACEA500F2B302 /* RestartApp.swift */,
				626E7F722A5AD27100F2B302 /* Screens */,
				626E7F632A5ACEA600F2B302 /* Assets.xcassets */,
				626E7F652A5ACEA600F2B302 /* Preview Content */,
			);
			path = Restart;
			sourceTree = "<group>";
		};
		626E7F652A5ACEA600F2B302 /* Preview Content */ = {
			isa = PBXGroup;
			children = (
				626E7F662A5ACEA600F2B302 /* Preview Assets.xcassets */,
			);
			path = "Preview Content";
			sourceTree = "<group>";
		};
		626E7F712A5ACF5C00F2B302 /* Sounds */ = {
			isa = PBXGroup;
			children = (
				626E7F6D2A5ACF4900F2B302 /* chimeup.mp3 */,
				626E7F6E2A5ACF4900F2B302 /* success.m4a */,
			);
			path = Sounds;
			sourceTree = "<group>";
		};
		626E7F722A5AD27100F2B302 /* Screens */ = {
			isa = PBXGroup;
			children = (
				626E7F612A5ACEA500F2B302 /* ContentView.swift */,
				626E7F762A5AD45D00F2B302 /* OnboardingView.swift */,
				626E7F782A5AD46700F2B302 /* HomeView.swift */,
			);
			path = Screens;
			sourceTree = "<group>";
		};
		626E7F732A5AD27900F2B302 /* Views */ = {
			isa = PBXGroup;
			children = (
				626E7F7A2A5B0DB100F2B302 /* CircleGroupView.swift */,
			);
			path = Views;
			sourceTree = "<group>";
		};
		626E7F742A5AD28100F2B302 /* Utilities */ = {
			isa = PBXGroup;
			children = (
				622542F42A5C127000B0E7C6 /* AudioPlayer.swift */,
			);
			path = Utilities;
			sourceTree = "<group>";
		};
/* End PBXGroup section */

/* Begin PBXNativeTarget section */
		626E7F5B2A5ACEA500F2B302 /* Restart */ = {
			isa = PBXNativeTarget;
			buildConfigurationList = 626E7F6A2A5ACEA600F2B302 /* Build configuration list for PBXNativeTarget "Restart" */;
			buildPhases = (
				626E7F582A5ACEA500F2B302 /* Sources */,
				626E7F592A5ACEA500F2B302 /* Frameworks */,
				626E7F5A2A5ACEA500F2B302 /* Resources */,
			);
			buildRules = (
			);
			dependencies = (
			);
			name = Restart;
			productName = Restart;
			productReference = 626E7F5C2A5ACEA500F2B302 /* Restart.app */;
			productType = "com.apple.product-type.application";
		};
/* End PBXNativeTarget section */

/* Begin PBXProject section */
		626E7F542A5ACEA500F2B302 /* Project object */ = {
			isa = PBXProject;
			attributes = {
				BuildIndependentTargetsInParallel = 1;
				LastSwiftUpdateCheck = 1430;
				LastUpgradeCheck = 1430;
				TargetAttributes = {
					626E7F5B2A5ACEA500F2B302 = {
						CreatedOnToolsVersion = 14.3.1;
					};
				};
			};
			buildConfigurationList = 626E7F572A5ACEA500F2B302 /* Build configuration list for PBXProject "Restart" */;
			compatibilityVersion = "Xcode 14.0";
			developmentRegion = en;
			hasScannedForEncodings = 0;
			knownRegions = (
				en,
				Base,
			);
			mainGroup = 626E7F532A5ACEA500F2B302;
			productRefGroup = 626E7F5D2A5ACEA500F2B302 /* Products */;
			projectDirPath = "";
			projectRoot = "";
			targets = (
				626E7F5B2A5ACEA500F2B302 /* Restart */,
			);
		};
/* End PBXProject section */

/* Begin PBXResourcesBuildPhase section */
		626E7F5A2A5ACEA500F2B302 /* Resources */ = {
			isa = PBXResourcesBuildPhase;
			buildActionMask = 2147483647;
			files = (
				626E7F702A5ACF4900F2B302 /* success.m4a in Resources */,
				626E7F6F2A5ACF4900F2B302 /* chimeup.mp3 in Resources */,
				626E7F672A5ACEA600F2B302 /* Preview Assets.xcassets in Resources */,
				626E7F642A5ACEA600F2B302 /* Assets.xcassets in Resources */,
			);
			runOnlyForDeploymentPostprocessing = 0;
		};
/* End PBXResourcesBuildPhase section */

/* Begin PBXSourcesBuildPhase section */
		626E7F582A5ACEA500F2B302 /* Sources */ = {
			isa = PBXSourcesBuildPhase;
			buildActionMask = 2147483647;
			files = (
				626E7F7B2A5B0DB100F2B302 /* CircleGroupView.swift in Sources */,
				626E7F772A5AD45D00F2B302 /* OnboardingView.swift in Sources */,
				626E7F792A5AD46700F2B302 /* HomeView.swift in Sources */,
				626E7F622A5ACEA500F2B302 /* ContentView.swift in Sources */,
				626E7F602A5ACEA500F2B302 /* RestartApp.swift in Sources */,
				622542F52A5C127000B0E7C6 /* AudioPlayer.swift in Sources */,
			);
			runOnlyForDeploymentPostprocessing = 0;
		};
/* End PBXSourcesBuildPhase section */

/* Begin XCBuildConfiguration section */
		626E7F682A5ACEA600F2B302 /* Debug */ = {
			isa = XCBuildConfiguration;
			buildSettings = {
				ALWAYS_SEARCH_USER_PATHS = NO;
				CLANG_ANALYZER_NONNULL = YES;
				CLANG_ANALYZER_NUMBER_OBJECT_CONVERSION = YES_AGGRESSIVE;
				CLANG_CXX_LANGUAGE_STANDARD = "gnu++20";
				CLANG_ENABLE_MODULES = YES;
				CLANG_ENABLE_OBJC_ARC = YES;
				CLANG_ENABLE_OBJC_WEAK = YES;
				CLANG_WARN_BLOCK_CAPTURE_AUTORELEASING = YES;
				CLANG_WARN_BOOL_CONVERSION = YES;
				CLANG_WARN_COMMA = YES;
				CLANG_WARN_CONSTANT_CONVERSION = YES;
				CLANG_WARN_DEPRECATED_OBJC_IMPLEMENTATIONS = YES;
				CLANG_WARN_DIRECT_OBJC_ISA_USAGE = YES_ERROR;
				CLANG_WARN_DOCUMENTATION_COMMENTS = YES;
				CLANG_WARN_EMPTY_BODY = YES;
				CLANG_WARN_ENUM_CONVERSION = YES;
				CLANG_WARN_INFINITE_RECURSION = YES;
				CLANG_WARN_INT_CONVERSION = YES;
				CLANG_WARN_NON_LITERAL_NULL_CONVERSION = YES;
				CLANG_WARN_OBJC_IMPLICIT_RETAIN_SELF = YES;
				CLANG_WARN_OBJC_LITERAL_CONVERSION = YES;
				CLANG_WARN_OBJC_ROOT_CLASS = YES_ERROR;
				CLANG_WARN_QUOTED_INCLUDE_IN_FRAMEWORK_HEADER = YES;
				CLANG_WARN_RANGE_LOOP_ANALYSIS = YES;
				CLANG_WARN_STRICT_PROTOTYPES = YES;
				CLANG_WARN_SUSPICIOUS_MOVE = YES;
				CLANG_WARN_UNGUARDED_AVAILABILITY = YES_AGGRESSIVE;
				CLANG_WARN_UNREACHABLE_CODE = YES;
				CLANG_WARN__DUPLICATE_METHOD_MATCH = YES;
				COPY_PHASE_STRIP = NO;
				DEBUG_INFORMATION_FORMAT = dwarf;
				ENABLE_STRICT_OBJC_MSGSEND = YES;
				ENABLE_TESTABILITY = YES;
				GCC_C_LANGUAGE_STANDARD = gnu11;
				GCC_DYNAMIC_NO_PIC = NO;
				GCC_NO_COMMON_BLOCKS = YES;
				GCC_OPTIMIZATION_LEVEL = 0;
				GCC_PREPROCESSOR_DEFINITIONS = (
					"DEBUG=1",
					"$(inherited)",
				);
				GCC_WARN_64_TO_32_BIT_CONVERSION = YES;
				GCC_WARN_ABOUT_RETURN_TYPE = YES_ERROR;
				GCC_WARN_UNDECLARED_SELECTOR = YES;
				GCC_WARN_UNINITIALIZED_AUTOS = YES_AGGRESSIVE;
				GCC_WARN_UNUSED_FUNCTION = YES;
				GCC_WARN_UNUSED_VARIABLE = YES;
				IPHONEOS_DEPLOYMENT_TARGET = 16.4;
				MTL_ENABLE_DEBUG_INFO = INCLUDE_SOURCE;
				MTL_FAST_MATH = YES;
				ONLY_ACTIVE_ARCH = YES;
				SDKROOT = iphoneos;
				SWIFT_ACTIVE_COMPILATION_CONDITIONS = DEBUG;
				SWIFT_OPTIMIZATION_LEVEL = "-Onone";
			};
			name = Debug;
		};
		626E7F692A5ACEA600F2B302 /* Release */ = {
			isa = XCBuildConfiguration;
			buildSettings = {
				ALWAYS_SEARCH_USER_PATHS = NO;
				CLANG_ANALYZER_NONNULL = YES;
				CLANG_ANALYZER_NUMBER_OBJECT_CONVERSION = YES_AGGRESSIVE;
				CLANG_CXX_LANGUAGE_STANDARD = "gnu++20";
				CLANG_ENABLE_MODULES = YES;
				CLANG_ENABLE_OBJC_ARC = YES;
				CLANG_ENABLE_OBJC_WEAK = YES;
				CLANG_WARN_BLOCK_CAPTURE_AUTORELEASING = YES;
				CLANG_WARN_BOOL_CONVERSION = YES;
				CLANG_WARN_COMMA = YES;
				CLANG_WARN_CONSTANT_CONVERSION = YES;
				CLANG_WARN_DEPRECATED_OBJC_IMPLEMENTATIONS = YES;
				CLANG_WARN_DIRECT_OBJC_ISA_USAGE = YES_ERROR;
				CLANG_WARN_DOCUMENTATION_COMMENTS = YES;
				CLANG_WARN_EMPTY_BODY = YES;
				CLANG_WARN_ENUM_CONVERSION = YES;
				CLANG_WARN_INFINITE_RECURSION = YES;
				CLANG_WARN_INT_CONVERSION = YES;
				CLANG_WARN_NON_LITERAL_NULL_CONVERSION = YES;
				CLANG_WARN_OBJC_IMPLICIT_RETAIN_SELF = YES;
				CLANG_WARN_OBJC_LITERAL_CONVERSION = YES;
				CLANG_WARN_OBJC_ROOT_CLASS = YES_ERROR;
				CLANG_WARN_QUOTED_INCLUDE_IN_FRAMEWORK_HEADER = YES;
				CLANG_WARN_RANGE_LOOP_ANALYSIS = YES;
				CLANG_WARN_STRICT_PROTOTYPES = YES;
				CLANG_WARN_SUSPICIOUS_MOVE = YES;
				CLANG_WARN_UNGUARDED_AVAILABILITY = YES_AGGRESSIVE;
				CLANG_WARN_UNREACHABLE_CODE = YES;
				CLANG_WARN__DUPLICATE_METHOD_MATCH = YES;
				COPY_PHASE_STRIP = NO;
				DEBUG_INFORMATION_FORMAT = "dwarf-with-dsym";
				ENABLE_NS_ASSERTIONS = NO;
				ENABLE_STRICT_OBJC_MSGSEND = YES;
				GCC_C_LANGUAGE_STANDARD = gnu11;
				GCC_NO_COMMON_BLOCKS = YES;
				GCC_WARN_64_TO_32_BIT_CONVERSION = YES;
				GCC_WARN_ABOUT_RETURN_TYPE = YES_ERROR;
				GCC_WARN_UNDECLARED_SELECTOR = YES;
				GCC_WARN_UNINITIALIZED_AUTOS = YES_AGGRESSIVE;
				GCC_WARN_UNUSED_FUNCTION = YES;
				GCC_WARN_UNUSED_VARIABLE = YES;
				IPHONEOS_DEPLOYMENT_TARGET = 16.4;
				MTL_ENABLE_DEBUG_INFO = NO;
				MTL_FAST_MATH = YES;
				SDKROOT = iphoneos;
				SWIFT_COMPILATION_MODE = wholemodule;
				SWIFT_OPTIMIZATION_LEVEL = "-O";
				VALIDATE_PRODUCT = YES;
			};
			name = Release;
		};
		626E7F6B2A5ACEA600F2B302 /* Debug */ = {
			isa = XCBuildConfiguration;
			buildSettings = {
				ASSETCATALOG_COMPILER_APPICON_NAME = AppIcon;
				ASSETCATALOG_COMPILER_GLOBAL_ACCENT_COLOR_NAME = AccentColor;
				CODE_SIGN_STYLE = Automatic;
				CURRENT_PROJECT_VERSION = 1;
				DEVELOPMENT_ASSET_PATHS = "\"Restart/Preview Content\"";
				DEVELOPMENT_TEAM = VA3J8597P8;
				ENABLE_PREVIEWS = YES;
				GENERATE_INFOPLIST_FILE = YES;
				INFOPLIST_FILE = Restart/Info.plist;
				INFOPLIST_KEY_UIApplicationSceneManifest_Generation = YES;
				INFOPLIST_KEY_UIApplicationSupportsIndirectInputEvents = YES;
				INFOPLIST_KEY_UISupportedInterfaceOrientations = UIInterfaceOrientationPortrait;
				LD_RUNPATH_SEARCH_PATHS = (
					"$(inherited)",
					"@executable_path/Frameworks",
				);
				MARKETING_VERSION = 1.0;
				PRODUCT_BUNDLE_IDENTIFIER = com.moro.Restart;
				PRODUCT_NAME = "$(TARGET_NAME)";
				SWIFT_EMIT_LOC_STRINGS = YES;
				SWIFT_VERSION = 5.0;
				TARGETED_DEVICE_FAMILY = "1,2";
			};
			name = Debug;
		};
		626E7F6C2A5ACEA600F2B302 /* Release */ = {
			isa = XCBuildConfiguration;
			buildSettings = {
				ASSETCATALOG_COMPILER_APPICON_NAME = AppIcon;
				ASSETCATALOG_COMPILER_GLOBAL_ACCENT_COLOR_NAME = AccentColor;
				CODE_SIGN_STYLE = Automatic;
				CURRENT_PROJECT_VERSION = 1;
				DEVELOPMENT_ASSET_PATHS = "\"Restart/Preview Content\"";
				DEVELOPMENT_TEAM = VA3J8597P8;
				ENABLE_PREVIEWS = YES;
				GENERATE_INFOPLIST_FILE = YES;
				INFOPLIST_FILE = Restart/Info.plist;
				INFOPLIST_KEY_UIApplicationSceneManifest_Generation = YES;
				INFOPLIST_KEY_UIApplicationSupportsIndirectInputEvents = YES;
				INFOPLIST_KEY_UISupportedInterfaceOrientations = UIInterfaceOrientationPortrait;
				LD_RUNPATH_SEARCH_PATHS = (
					"$(inherited)",
					"@executable_path/Frameworks",
				);
				MARKETING_VERSION = 1.0;
				PRODUCT_BUNDLE_IDENTIFIER = com.moro.Restart;
				PRODUCT_NAME = "$(TARGET_NAME)";
				SWIFT_EMIT_LOC_STRINGS = YES;
				SWIFT_VERSION = 5.0;
				TARGETED_DEVICE_FAMILY = "1,2";
			};
			name = Release;
		};
/* End XCBuildConfiguration section */

/* Begin XCConfigurationList section */
		626E7F572A5ACEA500F2B302 /* Build configuration list for PBXProject "Restart" */ = {
			isa = XCConfigurationList;
			buildConfigurations = (
				626E7F682A5ACEA600F2B302 /* Debug */,
				626E7F692A5ACEA600F2B302 /* Release */,
			);
			defaultConfigurationIsVisible = 0;
			defaultConfigurationName = Release;
		};
		626E7F6A2A5ACEA600F2B302 /* Build configuration list for PBXNativeTarget "Restart" */ = {
			isa = XCConfigurationList;
			buildConfigurations = (
				626E7F6B2A5ACEA600F2B302 /* Debug */,
				626E7F6C2A5ACEA600F2B302 /* Release */,
			);
			defaultConfigurationIsVisible = 0;
			defaultConfigurationName = Release;
		};
/* End XCConfigurationList section */
	};
	rootObject = 626E7F542A5ACEA500F2B302 /* Project object */;
}
